
Microsoft Visual Studio Solution File, Format Version 12.00
# Visual Studio Version 16
VisualStudioVersion = 16.0.30804.86
MinimumVisualStudioVersion = 10.0.40219.1
Project("{FAE04EC0-301F-11D3-BF4B-00C04F79EFBC}") = "WoodStockApp", "WoodStockApp\WoodStockApp.csproj", "{74664EF7-66D2-4398-8CFA-532F40D0B4D7}"
EndProject
Project("{FAE04EC0-301F-11D3-BF4B-00C04F79EFBC}") = "WoodStockAppTests", "WoodStockAppTests\WoodStockAppTests.csproj", "{0CAAE123-3240-405E-B671-A02684B4D928}"
EndProject
Global
	GlobalSection(SolutionConfigurationPlatforms) = preSolution
		Debug|Any CPU = Debug|Any CPU
		Release|Any CPU = Release|Any CPU
	EndGlobalSection
	GlobalSection(ProjectConfigurationPlatforms) = postSolution
		{74664EF7-66D2-4398-8CFA-532F40D0B4D7}.Debug|Any CPU.ActiveCfg = Debug|Any CPU
		{74664EF7-66D2-4398-8CFA-532F40D0B4D7}.Debug|Any CPU.Build.0 = Debug|Any CPU
		{74664EF7-66D2-4398-8CFA-532F40D0B4D7}.Release|Any CPU.ActiveCfg = Release|Any CPU
		{74664EF7-66D2-4398-8CFA-532F40D0B4D7}.Release|Any CPU.Build.0 = Release|Any CPU
		{0CAAE123-3240-405E-B671-A02684B4D928}.Debug|Any CPU.ActiveCfg = Debug|Any CPU
		{0CAAE123-3240-405E-B671-A02684B4D928}.Debug|Any CPU.Build.0 = Debug|Any CPU
		{0CAAE123-3240-405E-B671-A02684B4D928}.Release|Any CPU.ActiveCfg = Release|Any CPU
		{0CAAE123-3240-405E-B671-A02684B4D928}.Release|Any CPU.Build.0 = Release|Any CPU
	EndGlobalSection
	GlobalSection(SolutionProperties) = preSolution
		HideSolutionNode = FALSE
	EndGlobalSection
	GlobalSection(ExtensibilityGlobals) = postSolution
		SolutionGuid = {0361E3A3-CA71-4132-AB22-B8370E6013DE}
	EndGlobalSection
EndGlobal
